
Microsoft Visual Studio Solution File, Format Version 12.00
# Visual Studio Version 17
VisualStudioVersion = 17.4.33213.308
MinimumVisualStudioVersion = 10.0.40219.1
Project("{FAE04EC0-301F-11D3-BF4B-00C04F79EFBC}") = "AlgorithmsCourseworkGUI", "AlgorithmsCourseworkClient\AlgorithmsCourseworkGUI.csproj", "{7DC4F83E-D015-471D-BAF3-733259C83DE5}"
EndProject
Project("{FAE04EC0-301F-11D3-BF4B-00C04F79EFBC}") = "AlgorithmsCourseworkLibrary", "AlgorithmsCourseworkLibrary\AlgorithmsCourseworkLibrary.csproj", "{A7AF075D-50BC-4DB7-B33E-972B25514EA5}"
EndProject
Global
	GlobalSection(SolutionConfigurationPlatforms) = preSolution
		Debug|Any CPU = Debug|Any CPU
		Release|Any CPU = Release|Any CPU
	EndGlobalSection
	GlobalSection(ProjectConfigurationPlatforms) = postSolution
		{7DC4F83E-D015-471D-BAF3-733259C83DE5}.Debug|Any CPU.ActiveCfg = Debug|Any CPU
		{7DC4F83E-D015-471D-BAF3-733259C83DE5}.Debug|Any CPU.Build.0 = Debug|Any CPU
		{7DC4F83E-D015-471D-BAF3-733259C83DE5}.Release|Any CPU.ActiveCfg = Release|Any CPU
		{7DC4F83E-D015-471D-BAF3-733259C83DE5}.Release|Any CPU.Build.0 = Release|Any CPU
		{A7AF075D-50BC-4DB7-B33E-972B25514EA5}.Debug|Any CPU.ActiveCfg = Debug|Any CPU
		{A7AF075D-50BC-4DB7-B33E-972B25514EA5}.Debug|Any CPU.Build.0 = Debug|Any CPU
		{A7AF075D-50BC-4DB7-B33E-972B25514EA5}.Release|Any CPU.ActiveCfg = Release|Any CPU
		{A7AF075D-50BC-4DB7-B33E-972B25514EA5}.Release|Any CPU.Build.0 = Release|Any CPU
	EndGlobalSection
	GlobalSection(SolutionProperties) = preSolution
		HideSolutionNode = FALSE
	EndGlobalSection
	GlobalSection(ExtensibilityGlobals) = postSolution
		SolutionGuid = {1B81A409-C949-4CED-9EE1-656D46F768DC}
	EndGlobalSection
EndGlobal
